
Microsoft Visual Studio Solution File, Format Version 12.00
Project("{FAE04EC0-301F-11D3-BF4B-00C04F79EFBC}") = "Matbox.Web", "Matbox.Web\Matbox.Web.csproj", "{4F257223-0D06-463C-8F17-D4255672D93D}"
EndProject
Project("{FAE04EC0-301F-11D3-BF4B-00C04F79EFBC}") = "Matbox.Tests", "Matbox.Tests\Matbox.Tests.csproj", "{E55F66F9-D65C-425A-B22B-1A663909B74B}"
EndProject
Project("{FAE04EC0-301F-11D3-BF4B-00C04F79EFBC}") = "Matbox.DAL", "Matbox.DAL\Matbox.DAL.csproj", "{51A594C0-8FA7-48A6-9F4E-C8A7E2D509F8}"
EndProject
Project("{FAE04EC0-301F-11D3-BF4B-00C04F79EFBC}") = "Matbox.BLL", "Matbox.BLL\Matbox.BLL.csproj", "{4BA4FE8E-7AF6-45B3-A61E-C194AF76A2F8}"
EndProject
Global
	GlobalSection(SolutionConfigurationPlatforms) = preSolution
		Debug|Any CPU = Debug|Any CPU
		Release|Any CPU = Release|Any CPU
	EndGlobalSection
	GlobalSection(ProjectConfigurationPlatforms) = postSolution
		{4F257223-0D06-463C-8F17-D4255672D93D}.Debug|Any CPU.ActiveCfg = Debug|Any CPU
		{4F257223-0D06-463C-8F17-D4255672D93D}.Debug|Any CPU.Build.0 = Debug|Any CPU
		{4F257223-0D06-463C-8F17-D4255672D93D}.Release|Any CPU.ActiveCfg = Release|Any CPU
		{4F257223-0D06-463C-8F17-D4255672D93D}.Release|Any CPU.Build.0 = Release|Any CPU
		{E55F66F9-D65C-425A-B22B-1A663909B74B}.Debug|Any CPU.ActiveCfg = Debug|Any CPU
		{E55F66F9-D65C-425A-B22B-1A663909B74B}.Debug|Any CPU.Build.0 = Debug|Any CPU
		{E55F66F9-D65C-425A-B22B-1A663909B74B}.Release|Any CPU.ActiveCfg = Release|Any CPU
		{E55F66F9-D65C-425A-B22B-1A663909B74B}.Release|Any CPU.Build.0 = Release|Any CPU
		{51A594C0-8FA7-48A6-9F4E-C8A7E2D509F8}.Debug|Any CPU.ActiveCfg = Debug|Any CPU
		{51A594C0-8FA7-48A6-9F4E-C8A7E2D509F8}.Debug|Any CPU.Build.0 = Debug|Any CPU
		{51A594C0-8FA7-48A6-9F4E-C8A7E2D509F8}.Release|Any CPU.ActiveCfg = Release|Any CPU
		{51A594C0-8FA7-48A6-9F4E-C8A7E2D509F8}.Release|Any CPU.Build.0 = Release|Any CPU
		{4BA4FE8E-7AF6-45B3-A61E-C194AF76A2F8}.Debug|Any CPU.ActiveCfg = Debug|Any CPU
		{4BA4FE8E-7AF6-45B3-A61E-C194AF76A2F8}.Debug|Any CPU.Build.0 = Debug|Any CPU
		{4BA4FE8E-7AF6-45B3-A61E-C194AF76A2F8}.Release|Any CPU.ActiveCfg = Release|Any CPU
		{4BA4FE8E-7AF6-45B3-A61E-C194AF76A2F8}.Release|Any CPU.Build.0 = Release|Any CPU
	EndGlobalSection
EndGlobal
